<?xml version="1.0" encoding="utf-8"?>
<Project ToolsVersion="4.0" xmlns="http://schemas.microsoft.com/developer/msbuild/2003">
  <ItemGroup>
    <Filter Include="Source Files">
      <UniqueIdentifier>{ba57ebbf-76fd-4322-8ae9-99be0015d34f}</UniqueIdentifier>
      <Extensions>cpp;c;cxx;rc;def;r;odl;idl;hpj;bat</Extensions>
    </Filter>
    <Filter Include="Header Files">
      <UniqueIdentifier>{512761c4-2fb1-45f7-978a-6595f375ab6b}</UniqueIdentifier>
      <Extensions>h;hpp;hxx;hm;inl</Extensions>
    </Filter>
    <Filter Include="Resource Files">
      <UniqueIdentifier>{f4e4ead1-ee19-410f-8323-dc0af4ce44ac}</UniqueIdentifier>
      <Extensions>ico;cur;bmp;dlg;rc2;rct;bin;rgs;gif;jpg;jpeg;jpe</Extensions>
    </Filter>
  </ItemGroup>
  <ItemGroup>
    <ClCompile Include="istream_readline.cpp">
      <Filter>Source Files</Filter>
    </ClCompile>
    <ClCompile Include="QTR_NodeFunc.cpp">
      <Filter>Source Files</Filter>
    </ClCompile>
    <ClCompile Include="QUB_QTR_Impl.cpp">
      <Filter>Source Files</Filter>
    </ClCompile>
    <ClCompile Include="QUB_Tree.cpp">
      <Filter>Source Files</Filter>
    </ClCompile>
    <ClCompile Include="QUB_Tree_text.cpp">
      <Filter>Source Files</Filter>
    </ClCompile>
    <ClCompile Include="StringsInterned.cpp">
      <Filter>Source Files</Filter>
    </ClCompile>
  </ItemGroup>
  <ItemGroup>
    <ClInclude Include="..\include\AutoMutex.h">
      <Filter>Header Files</Filter>
    </ClInclude>
    <ClInclude Include="CountedPtr.h">
      <Filter>Header Files</Filter>
    </ClInclude>
    <ClInclude Include="interned_strings.h">
      <Filter>Header Files</Filter>
    </ClInclude>
    <ClInclude Include="istream_readline.h">
      <Filter>Header Files</Filter>
    </ClInclude>
    <ClInclude Include="notemplatewarning.h">
      <Filter>Header Files</Filter>
    </ClInclude>
    <ClInclude Include="QTR_NodeFunc.h">
      <Filter>Header Files</Filter>
    </ClInclude>
    <ClInclude Include="QUB_QTR_Impl.h">
      <Filter>Header Files</Filter>
    </ClInclude>
    <ClInclude Include="QUB_Tree.h">
      <Filter>Header Files</Filter>
    </ClInclude>
    <ClInclude Include="StringsInterned.h">
      <Filter>Header Files</Filter>
    </ClInclude>
  </ItemGroup>
</Project>