<?xml version="1.0" encoding="utf-8"?>
<Project ToolsVersion="4.0" xmlns="http://schemas.microsoft.com/developer/msbuild/2003">
  <ItemGroup>
    <Filter Include="Source Files">
      <UniqueIdentifier>{7dabdf20-0d94-4bc6-b813-f8803299436e}</UniqueIdentifier>
      <Extensions>cpp;c;cxx;rc;def;r;odl;idl;hpj;bat</Extensions>
    </Filter>
    <Filter Include="Header Files">
      <UniqueIdentifier>{0eec421e-b252-47d5-af91-54be9cd0b986}</UniqueIdentifier>
      <Extensions>h;hpp;hxx;hm;inl</Extensions>
    </Filter>
    <Filter Include="Resource Files">
      <UniqueIdentifier>{c790d184-e659-4c5e-a020-bb68a613d06d}</UniqueIdentifier>
      <Extensions>ico;cur;bmp;dlg;rc2;rct;bin;rgs;gif;jpg;jpeg;jpe</Extensions>
    </Filter>
  </ItemGroup>
  <ItemGroup>
    <ClCompile Include="amp_eval_tree.cpp">
      <Filter>Source Files</Filter>
    </ClCompile>
    <ClCompile Include="convolve.cpp">
      <Filter>Source Files</Filter>
    </ClCompile>
    <ClCompile Include="dfp_optimize.cpp">
      <Filter>Source Files</Filter>
    </ClCompile>
    <ClCompile Include="dfpminim.cpp">
      <Filter>Source Files</Filter>
    </ClCompile>
    <ClCompile Include="eigen.cpp">
      <Filter>Source Files</Filter>
    </ClCompile>
    <ClCompile Include="ExprEval.cpp">
      <Filter>Source Files</Filter>
    </ClCompile>
    <ClCompile Include="histpdf.cpp">
      <Filter>Source Files</Filter>
    </ClCompile>
    <ClCompile Include="ioldt.cpp">
      <Filter>Source Files</Filter>
    </ClCompile>
    <ClCompile Include="..\qubtree\istream_readline.cpp">
      <Filter>Source Files</Filter>
    </ClCompile>
    <ClCompile Include="LoadDataCB_Pager.cpp">
      <Filter>Source Files</Filter>
    </ClCompile>
    <ClCompile Include="matrixutil.cpp">
      <Filter>Source Files</Filter>
    </ClCompile>
    <ClCompile Include="mbaum.cpp">
      <Filter>Source Files</Filter>
    </ClCompile>
    <ClCompile Include="mdlrep.cpp">
      <Filter>Source Files</Filter>
    </ClCompile>
    <ClCompile Include="metamakv.cpp">
      <Filter>Source Files</Filter>
    </ClCompile>
    <ClCompile Include="mexp.cpp">
      <Filter>Source Files</Filter>
    </ClCompile>
    <ClCompile Include="mil_eval_tree.cpp">
      <Filter>Source Files</Filter>
    </ClCompile>
    <ClCompile Include="milutil.cpp">
      <Filter>Source Files</Filter>
    </ClCompile>
    <ClCompile Include="modelTree.cpp">
      <Filter>Source Files</Filter>
    </ClCompile>
    <ClCompile Include="mpl_eval_tree.cpp">
      <Filter>Source Files</Filter>
    </ClCompile>
    <ClCompile Include="mutimakv.cpp">
      <Filter>Source Files</Filter>
    </ClCompile>
    <ClCompile Include="mvectb.cpp">
      <Filter>Source Files</Filter>
    </ClCompile>
    <ClCompile Include="qmatrixutil.cpp">
      <Filter>Source Files</Filter>
    </ClCompile>
    <ClCompile Include="qtomutiq.cpp">
      <Filter>Source Files</Filter>
    </ClCompile>
    <ClCompile Include="qub_dfilter.cpp">
      <Filter>Source Files</Filter>
    </ClCompile>
    <ClCompile Include="qub_reportstream.cpp">
      <Filter>Source Files</Filter>
    </ClCompile>
    <ClCompile Include="QUB_UniqueArrays.cpp">
      <Filter>Source Files</Filter>
    </ClCompile>
    <ClCompile Include="qublib.cpp">
      <Filter>Source Files</Filter>
    </ClCompile>
    <ClCompile Include="skm_eval_tree.cpp">
      <Filter>Source Files</Filter>
    </ClCompile>
    <ClCompile Include="sparseutil.cpp">
      <Filter>Source Files</Filter>
    </ClCompile>
    <ClCompile Include="stat_eval_tree.cpp">
      <Filter>Source Files</Filter>
    </ClCompile>
    <ClCompile Include="svdecomp.cpp">
      <Filter>Source Files</Filter>
    </ClCompile>
    <ClCompile Include="utility.cpp">
      <Filter>Source Files</Filter>
    </ClCompile>
    <ClCompile Include="xtoq.cpp">
      <Filter>Source Files</Filter>
    </ClCompile>
    <ClCompile Include="ztox.cpp">
      <Filter>Source Files</Filter>
    </ClCompile>
  </ItemGroup>
  <ItemGroup>
    <ClInclude Include="amp_eval_tree.h">
      <Filter>Header Files</Filter>
    </ClInclude>
    <ClInclude Include="dfp_optimize.h">
      <Filter>Header Files</Filter>
    </ClInclude>
    <ClInclude Include="ExprEval.h">
      <Filter>Header Files</Filter>
    </ClInclude>
    <ClInclude Include="histpdf.h">
      <Filter>Header Files</Filter>
    </ClInclude>
    <ClInclude Include="LoadDataCB_Pager.h">
      <Filter>Header Files</Filter>
    </ClInclude>
    <ClInclude Include="matrix.h">
      <Filter>Header Files</Filter>
    </ClInclude>
    <ClInclude Include="matrixutil.h">
      <Filter>Header Files</Filter>
    </ClInclude>
    <ClInclude Include="mdlrep.h">
      <Filter>Header Files</Filter>
    </ClInclude>
    <ClInclude Include="mil_eval_tree.h">
      <Filter>Header Files</Filter>
    </ClInclude>
    <ClInclude Include="milutil.h">
      <Filter>Header Files</Filter>
    </ClInclude>
    <ClInclude Include="modelTree.h">
      <Filter>Header Files</Filter>
    </ClInclude>
    <ClInclude Include="mpl_eval_tree.h">
      <Filter>Header Files</Filter>
    </ClInclude>
    <ClInclude Include="qmatrixutil.h">
      <Filter>Header Files</Filter>
    </ClInclude>
    <ClInclude Include="qub_dfilter.h">
      <Filter>Header Files</Filter>
    </ClInclude>
    <ClInclude Include="QUB_Heap.h">
      <Filter>Header Files</Filter>
    </ClInclude>
    <ClInclude Include="qub_reportstream.h">
      <Filter>Header Files</Filter>
    </ClInclude>
    <ClInclude Include="QUB_UniqueArrays.h">
      <Filter>Header Files</Filter>
    </ClInclude>
    <ClInclude Include="qublib.h">
      <Filter>Header Files</Filter>
    </ClInclude>
    <ClInclude Include="qubopt.h">
      <Filter>Header Files</Filter>
    </ClInclude>
    <ClInclude Include="skm_eval_tree.h">
      <Filter>Header Files</Filter>
    </ClInclude>
    <ClInclude Include="sparseutil.h">
      <Filter>Header Files</Filter>
    </ClInclude>
    <ClInclude Include="stat_eval_tree.h">
      <Filter>Header Files</Filter>
    </ClInclude>
  </ItemGroup>
  <ItemGroup>
    <None Include="packages.config" />
  </ItemGroup>
</Project>